
Microsoft Visual Studio Solution File, Format Version 12.00
# Visual Studio Version 16
VisualStudioVersion = 16.0.30413.136
MinimumVisualStudioVersion = 10.0.40219.1
Project("{9A19103F-16F7-4668-BE54-9A1E7A4F7556}") = "FizzBuzz", "FizzBuzz\FizzBuzz.csproj", "{7D750623-EE8E-4B24-92ED-22222A25011B}"
EndProject
Project("{FAE04EC0-301F-11D3-BF4B-00C04F79EFBC}") = "CoinToss", "CoinToss\CoinToss.csproj", "{A8DE3A99-1FF7-4A25-87B6-7CF2EB94F927}"
EndProject
Global
	GlobalSection(SolutionConfigurationPlatforms) = preSolution
		Debug|Any CPU = Debug|Any CPU
		Release|Any CPU = Release|Any CPU
	EndGlobalSection
	GlobalSection(ProjectConfigurationPlatforms) = postSolution
		{7D750623-EE8E-4B24-92ED-22222A25011B}.Debug|Any CPU.ActiveCfg = Debug|Any CPU
		{7D750623-EE8E-4B24-92ED-22222A25011B}.Debug|Any CPU.Build.0 = Debug|Any CPU
		{7D750623-EE8E-4B24-92ED-22222A25011B}.Release|Any CPU.ActiveCfg = Release|Any CPU
		{7D750623-EE8E-4B24-92ED-22222A25011B}.Release|Any CPU.Build.0 = Release|Any CPU
		{A8DE3A99-1FF7-4A25-87B6-7CF2EB94F927}.Debug|Any CPU.ActiveCfg = Debug|Any CPU
		{A8DE3A99-1FF7-4A25-87B6-7CF2EB94F927}.Debug|Any CPU.Build.0 = Debug|Any CPU
		{A8DE3A99-1FF7-4A25-87B6-7CF2EB94F927}.Release|Any CPU.ActiveCfg = Release|Any CPU
		{A8DE3A99-1FF7-4A25-87B6-7CF2EB94F927}.Release|Any CPU.Build.0 = Release|Any CPU
	EndGlobalSection
	GlobalSection(SolutionProperties) = preSolution
		HideSolutionNode = FALSE
	EndGlobalSection
	GlobalSection(ExtensibilityGlobals) = postSolution
		SolutionGuid = {2FD82660-C6D4-40B9-9BB5-9D6D64D7AE73}
	EndGlobalSection
EndGlobal
