
Microsoft Visual Studio Solution File, Format Version 12.00
# Visual Studio Version 16
VisualStudioVersion = 16.0.30413.136
MinimumVisualStudioVersion = 10.0.40219.1
Project("{9A19103F-16F7-4668-BE54-9A1E7A4F7556}") = "FizzBuzz", "FizzBuzz\FizzBuzz.csproj", "{7D750623-EE8E-4B24-92ED-22222A25011B}"
EndProject
Project("{9A19103F-16F7-4668-BE54-9A1E7A4F7556}") = "CoinToss", "CoinToss\CoinToss.csproj", "{A8DE3A99-1FF7-4A25-87B6-7CF2EB94F927}"
EndProject
Project("{FAE04EC0-301F-11D3-BF4B-00C04F79EFBC}") = "StringManipulation", "StringManipulation\StringManipulation.csproj", "{B72B20A0-F55E-4000-A056-5C144945D737}"
EndProject
Project("{FAE04EC0-301F-11D3-BF4B-00C04F79EFBC}") = "Collections MinMaxAvg", "Collections MinMaxAvg\Collections MinMaxAvg.csproj", "{A2FEA8C8-B6A6-4239-A6AD-3F29C52FECB7}"
EndProject
Project("{FAE04EC0-301F-11D3-BF4B-00C04F79EFBC}") = "Processing a CSV File", "Processing a CSV File\Processing a CSV File.csproj", "{0D8D7822-0896-439B-B12F-FE1E3BBD4691}"
EndProject
Project("{FAE04EC0-301F-11D3-BF4B-00C04F79EFBC}") = "Processing a CSV File - 2", "Processing a CSV File - 2\Processing a CSV File - 2.csproj", "{A978D23D-813F-4CC4-94CD-7EBC1AA1D85A}"
EndProject
Project("{FAE04EC0-301F-11D3-BF4B-00C04F79EFBC}") = "Methods", "Methods\Methods.csproj", "{CB9CA8DB-15EA-48AB-A547-E61F2A7F37F4}"
EndProject
Project("{FAE04EC0-301F-11D3-BF4B-00C04F79EFBC}") = "Rectangle_and_Circle", "Rectangle & Circle\Rectangle_and_Circle\Rectangle_and_Circle.csproj", "{273E2B9E-B4B7-41FB-A88E-0F775396EEB7}"
EndProject
Global
	GlobalSection(SolutionConfigurationPlatforms) = preSolution
		Debug|Any CPU = Debug|Any CPU
		Release|Any CPU = Release|Any CPU
	EndGlobalSection
	GlobalSection(ProjectConfigurationPlatforms) = postSolution
		{7D750623-EE8E-4B24-92ED-22222A25011B}.Debug|Any CPU.ActiveCfg = Debug|Any CPU
		{7D750623-EE8E-4B24-92ED-22222A25011B}.Debug|Any CPU.Build.0 = Debug|Any CPU
		{7D750623-EE8E-4B24-92ED-22222A25011B}.Release|Any CPU.ActiveCfg = Release|Any CPU
		{7D750623-EE8E-4B24-92ED-22222A25011B}.Release|Any CPU.Build.0 = Release|Any CPU
		{A8DE3A99-1FF7-4A25-87B6-7CF2EB94F927}.Debug|Any CPU.ActiveCfg = Debug|Any CPU
		{A8DE3A99-1FF7-4A25-87B6-7CF2EB94F927}.Debug|Any CPU.Build.0 = Debug|Any CPU
		{A8DE3A99-1FF7-4A25-87B6-7CF2EB94F927}.Release|Any CPU.ActiveCfg = Release|Any CPU
		{A8DE3A99-1FF7-4A25-87B6-7CF2EB94F927}.Release|Any CPU.Build.0 = Release|Any CPU
		{B72B20A0-F55E-4000-A056-5C144945D737}.Debug|Any CPU.ActiveCfg = Debug|Any CPU
		{B72B20A0-F55E-4000-A056-5C144945D737}.Debug|Any CPU.Build.0 = Debug|Any CPU
		{B72B20A0-F55E-4000-A056-5C144945D737}.Release|Any CPU.ActiveCfg = Release|Any CPU
		{B72B20A0-F55E-4000-A056-5C144945D737}.Release|Any CPU.Build.0 = Release|Any CPU
		{A2FEA8C8-B6A6-4239-A6AD-3F29C52FECB7}.Debug|Any CPU.ActiveCfg = Debug|Any CPU
		{A2FEA8C8-B6A6-4239-A6AD-3F29C52FECB7}.Debug|Any CPU.Build.0 = Debug|Any CPU
		{A2FEA8C8-B6A6-4239-A6AD-3F29C52FECB7}.Release|Any CPU.ActiveCfg = Release|Any CPU
		{A2FEA8C8-B6A6-4239-A6AD-3F29C52FECB7}.Release|Any CPU.Build.0 = Release|Any CPU
		{0D8D7822-0896-439B-B12F-FE1E3BBD4691}.Debug|Any CPU.ActiveCfg = Debug|Any CPU
		{0D8D7822-0896-439B-B12F-FE1E3BBD4691}.Debug|Any CPU.Build.0 = Debug|Any CPU
		{0D8D7822-0896-439B-B12F-FE1E3BBD4691}.Release|Any CPU.ActiveCfg = Release|Any CPU
		{0D8D7822-0896-439B-B12F-FE1E3BBD4691}.Release|Any CPU.Build.0 = Release|Any CPU
		{A978D23D-813F-4CC4-94CD-7EBC1AA1D85A}.Debug|Any CPU.ActiveCfg = Debug|Any CPU
		{A978D23D-813F-4CC4-94CD-7EBC1AA1D85A}.Debug|Any CPU.Build.0 = Debug|Any CPU
		{A978D23D-813F-4CC4-94CD-7EBC1AA1D85A}.Release|Any CPU.ActiveCfg = Release|Any CPU
		{A978D23D-813F-4CC4-94CD-7EBC1AA1D85A}.Release|Any CPU.Build.0 = Release|Any CPU
		{CB9CA8DB-15EA-48AB-A547-E61F2A7F37F4}.Debug|Any CPU.ActiveCfg = Debug|Any CPU
		{CB9CA8DB-15EA-48AB-A547-E61F2A7F37F4}.Debug|Any CPU.Build.0 = Debug|Any CPU
		{CB9CA8DB-15EA-48AB-A547-E61F2A7F37F4}.Release|Any CPU.ActiveCfg = Release|Any CPU
		{CB9CA8DB-15EA-48AB-A547-E61F2A7F37F4}.Release|Any CPU.Build.0 = Release|Any CPU
		{273E2B9E-B4B7-41FB-A88E-0F775396EEB7}.Debug|Any CPU.ActiveCfg = Debug|Any CPU
		{273E2B9E-B4B7-41FB-A88E-0F775396EEB7}.Debug|Any CPU.Build.0 = Debug|Any CPU
		{273E2B9E-B4B7-41FB-A88E-0F775396EEB7}.Release|Any CPU.ActiveCfg = Release|Any CPU
		{273E2B9E-B4B7-41FB-A88E-0F775396EEB7}.Release|Any CPU.Build.0 = Release|Any CPU
	EndGlobalSection
	GlobalSection(SolutionProperties) = preSolution
		HideSolutionNode = FALSE
	EndGlobalSection
	GlobalSection(ExtensibilityGlobals) = postSolution
		SolutionGuid = {2FD82660-C6D4-40B9-9BB5-9D6D64D7AE73}
	EndGlobalSection
EndGlobal
